<Solution>
  <Folder Name="/src/">
    <Project Path="src/AcbFinder.App/AcbFinder.App.csproj" />
    <Project Path="src/AcbFinder.Core/AcbFinder.Core.csproj" />
  </Folder>
  <Folder Name="/tests/">
    <Project Path="tests/AcbFinder.Core.Tests/AcbFinder.Core.Tests.csproj" />
  </Folder>
</Solution>
